// !$*UTF8*$!
{
	archiveVersion = 1;
	classes = {
	};
	objectVersion = 55;
	objects = {

/* Begin PBXBuildFile section */
		AC2827B528C73300006703D4 /* TarotCardDetailView.swift in Sources */ = {isa = PBXBuildFile; fileRef = AC2827B428C73300006703D4 /* TarotCardDetailView.swift */; };
		AC2827B828C736F8006703D4 /* TarotCardDetailViewModel.swift in Sources */ = {isa = PBXBuildFile; fileRef = AC2827B728C736F8006703D4 /* TarotCardDetailViewModel.swift */; };
		AC2ED92728AD8A8B007981C3 /* AsterApp.swift in Sources */ = {isa = PBXBuildFile; fileRef = AC2ED92628AD8A8B007981C3 /* AsterApp.swift */; };
		AC2ED92928AD8A8B007981C3 /* HomeView.swift in Sources */ = {isa = PBXBuildFile; fileRef = AC2ED92828AD8A8B007981C3 /* HomeView.swift */; };
		AC2ED92B28AD8A8D007981C3 /* Assets.xcassets in Resources */ = {isa = PBXBuildFile; fileRef = AC2ED92A28AD8A8D007981C3 /* Assets.xcassets */; };
		AC2ED92E28AD8A8D007981C3 /* Preview Assets.xcassets in Resources */ = {isa = PBXBuildFile; fileRef = AC2ED92D28AD8A8D007981C3 /* Preview Assets.xcassets */; };
		AC2ED94D28AE2156007981C3 /* HoroscopeView.swift in Sources */ = {isa = PBXBuildFile; fileRef = AC2ED94C28AE2156007981C3 /* HoroscopeView.swift */; };
		AC2ED94F28AE2163007981C3 /* TarotCardView.swift in Sources */ = {isa = PBXBuildFile; fileRef = AC2ED94E28AE2163007981C3 /* TarotCardView.swift */; };
		AC3366FE28E0DAA80085D52F /* TarotCardDetailViewModelTests.swift in Sources */ = {isa = PBXBuildFile; fileRef = AC3366FD28E0DAA80085D52F /* TarotCardDetailViewModelTests.swift */; };
		AC33670128E196DA0085D52F /* TarotCardViewModelTests.swift in Sources */ = {isa = PBXBuildFile; fileRef = AC33670028E196DA0085D52F /* TarotCardViewModelTests.swift */; };
		AC33670428E1A16E0085D52F /* LoginViewModelTests.swift in Sources */ = {isa = PBXBuildFile; fileRef = AC33670328E1A16E0085D52F /* LoginViewModelTests.swift */; };
		AC33670628E1ABCE0085D52F /* TarotCardFrontViewModelTests.swift in Sources */ = {isa = PBXBuildFile; fileRef = AC33670528E1ABCE0085D52F /* TarotCardFrontViewModelTests.swift */; };
		AC33670C28E1AD800085D52F /* OnboardCardViewToday.swift in Sources */ = {isa = PBXBuildFile; fileRef = AC33670B28E1AD800085D52F /* OnboardCardViewToday.swift */; };
		AC33670E28E1ADA10085D52F /* OnboardCardViewYesterday.swift in Sources */ = {isa = PBXBuildFile; fileRef = AC33670D28E1ADA10085D52F /* OnboardCardViewYesterday.swift */; };
		AC33671628E2304C0085D52F /* StubHoroscopeService.swift in Sources */ = {isa = PBXBuildFile; fileRef = AC33671528E2304C0085D52F /* StubHoroscopeService.swift */; };
		AC33671B28E23AAA0085D52F /* ProfilViewModelTests.swift in Sources */ = {isa = PBXBuildFile; fileRef = AC33671A28E23AAA0085D52F /* ProfilViewModelTests.swift */; };
		AC3622DD28D206B800D82620 /* WelcomeViewModel.swift in Sources */ = {isa = PBXBuildFile; fileRef = AC3622DC28D206B800D82620 /* WelcomeViewModel.swift */; };
		AC5DEAB128D0AC4400A41259 /* CardFrontViewModel.swift in Sources */ = {isa = PBXBuildFile; fileRef = AC5DEAB028D0AC4400A41259 /* CardFrontViewModel.swift */; };
		AC6BF58C28CB801B007BF723 /* AsterCore.framework in Frameworks */ = {isa = PBXBuildFile; fileRef = AC6BF58B28CB801B007BF723 /* AsterCore.framework */; };
		AC6BF58D28CB801B007BF723 /* AsterCore.framework in Embed Frameworks */ = {isa = PBXBuildFile; fileRef = AC6BF58B28CB801B007BF723 /* AsterCore.framework */; settings = {ATTRIBUTES = (CodeSignOnCopy, RemoveHeadersOnCopy, ); }; };
		AC89750328E454B90049C4D4 /* OnboardCardViewModelToday.swift in Sources */ = {isa = PBXBuildFile; fileRef = AC89750228E454B90049C4D4 /* OnboardCardViewModelToday.swift */; };
		AC89750528E454E00049C4D4 /* OnboardCardModelViewYesterday.swift in Sources */ = {isa = PBXBuildFile; fileRef = AC89750428E454E00049C4D4 /* OnboardCardModelViewYesterday.swift */; };
		AC89750728E455100049C4D4 /* OnboardCardViewModelTodayTests.swift in Sources */ = {isa = PBXBuildFile; fileRef = AC89750628E455100049C4D4 /* OnboardCardViewModelTodayTests.swift */; };
		AC89750928E46F840049C4D4 /* OnboardCardViewModelYesterdayTests.swift in Sources */ = {isa = PBXBuildFile; fileRef = AC89750828E46F840049C4D4 /* OnboardCardViewModelYesterdayTests.swift */; };
		ACBE539928B7672200DFC604 /* LoginView.swift in Sources */ = {isa = PBXBuildFile; fileRef = ACBE539828B7672200DFC604 /* LoginView.swift */; };
		ACBE53B028BEAD7600DFC604 /* LoginViewModel.swift in Sources */ = {isa = PBXBuildFile; fileRef = ACBE53AF28BEAD7600DFC604 /* LoginViewModel.swift */; };
		ACBE53D528BFAA5100DFC604 /* ProfilViewModel.swift in Sources */ = {isa = PBXBuildFile; fileRef = ACBE53D428BFAA5100DFC604 /* ProfilViewModel.swift */; };
		ACC6AB7228B6706500096209 /* ProfilView.swift in Sources */ = {isa = PBXBuildFile; fileRef = ACC6AB7128B6706500096209 /* ProfilView.swift */; };
		ACE3603528AEE445002E5897 /* CardFront.swift in Sources */ = {isa = PBXBuildFile; fileRef = ACE3603428AEE445002E5897 /* CardFront.swift */; };
		ACE3603728AEE466002E5897 /* CardBack.swift in Sources */ = {isa = PBXBuildFile; fileRef = ACE3603628AEE466002E5897 /* CardBack.swift */; };
		ACE3603928B029C9002E5897 /* HomeViewModel.swift in Sources */ = {isa = PBXBuildFile; fileRef = ACE3603828B029C9002E5897 /* HomeViewModel.swift */; };
		ACE3603B28B02AE2002E5897 /* HoroscopeViewModel.swift in Sources */ = {isa = PBXBuildFile; fileRef = ACE3603A28B02AE2002E5897 /* HoroscopeViewModel.swift */; };
		ACE3603D28B02C48002E5897 /* TarotCardViewModel.swift in Sources */ = {isa = PBXBuildFile; fileRef = ACE3603C28B02C48002E5897 /* TarotCardViewModel.swift */; };
		ACE77D3028D900E700E08F2B /* BirthdayLoginView.swift in Sources */ = {isa = PBXBuildFile; fileRef = ACE77D2F28D900E700E08F2B /* BirthdayLoginView.swift */; };
		ACE77D3428D906A800E08F2B /* LabelLoginView.swift in Sources */ = {isa = PBXBuildFile; fileRef = ACE77D3328D906A800E08F2B /* LabelLoginView.swift */; };
		ACE77D3A28D9DB9500E08F2B /* SavedCardView.swift in Sources */ = {isa = PBXBuildFile; fileRef = ACE77D3928D9DB9500E08F2B /* SavedCardView.swift */; };
		ACE77D4B28DDF0F800E08F2B /* WelcomeViewModelTests.swift in Sources */ = {isa = PBXBuildFile; fileRef = ACE77D4A28DDF0F800E08F2B /* WelcomeViewModelTests.swift */; };
		ACF5CA1A28CF1FAF0011CE3B /* WelcomeView.swift in Sources */ = {isa = PBXBuildFile; fileRef = ACF5CA1928CF1FAF0011CE3B /* WelcomeView.swift */; };
		AEE0807E1BF42795405CA705 /* Pods_Aster.framework in Frameworks */ = {isa = PBXBuildFile; fileRef = 0D65EC6174C97B474420CEBE /* Pods_Aster.framework */; };
/* End PBXBuildFile section */

/* Begin PBXContainerItemProxy section */
		ACE77D4328DDEF2D00E08F2B /* PBXContainerItemProxy */ = {
			isa = PBXContainerItemProxy;
			containerPortal = AC2ED91B28AD8A8B007981C3 /* Project object */;
			proxyType = 1;
			remoteGlobalIDString = AC2ED92228AD8A8B007981C3;
			remoteInfo = Aster;
		};
/* End PBXContainerItemProxy section */

/* Begin PBXCopyFilesBuildPhase section */
		AC6BF58E28CB801B007BF723 /* Embed Frameworks */ = {
			isa = PBXCopyFilesBuildPhase;
			buildActionMask = 2147483647;
			dstPath = "";
			dstSubfolderSpec = 10;
			files = (
				AC6BF58D28CB801B007BF723 /* AsterCore.framework in Embed Frameworks */,
			);
			name = "Embed Frameworks";
			runOnlyForDeploymentPostprocessing = 0;
		};
/* End PBXCopyFilesBuildPhase section */

/* Begin PBXFileReference section */
		0D65EC6174C97B474420CEBE /* Pods_Aster.framework */ = {isa = PBXFileReference; explicitFileType = wrapper.framework; includeInIndex = 0; path = Pods_Aster.framework; sourceTree = BUILT_PRODUCTS_DIR; };
		0F766391A117970693273E81 /* Pods-Aster.debug.xcconfig */ = {isa = PBXFileReference; includeInIndex = 1; lastKnownFileType = text.xcconfig; name = "Pods-Aster.debug.xcconfig"; path = "Target Support Files/Pods-Aster/Pods-Aster.debug.xcconfig"; sourceTree = "<group>"; };
		88F6C7243320F55EEF9690EB /* Pods-Aster.release.xcconfig */ = {isa = PBXFileReference; includeInIndex = 1; lastKnownFileType = text.xcconfig; name = "Pods-Aster.release.xcconfig"; path = "Target Support Files/Pods-Aster/Pods-Aster.release.xcconfig"; sourceTree = "<group>"; };
		AC2827B428C73300006703D4 /* TarotCardDetailView.swift */ = {isa = PBXFileReference; lastKnownFileType = sourcecode.swift; path = TarotCardDetailView.swift; sourceTree = "<group>"; };
		AC2827B728C736F8006703D4 /* TarotCardDetailViewModel.swift */ = {isa = PBXFileReference; lastKnownFileType = sourcecode.swift; path = TarotCardDetailViewModel.swift; sourceTree = "<group>"; };
		AC2ED92328AD8A8B007981C3 /* Aster.app */ = {isa = PBXFileReference; explicitFileType = wrapper.application; includeInIndex = 0; path = Aster.app; sourceTree = BUILT_PRODUCTS_DIR; };
		AC2ED92628AD8A8B007981C3 /* AsterApp.swift */ = {isa = PBXFileReference; lastKnownFileType = sourcecode.swift; path = AsterApp.swift; sourceTree = "<group>"; };
		AC2ED92828AD8A8B007981C3 /* HomeView.swift */ = {isa = PBXFileReference; lastKnownFileType = sourcecode.swift; path = HomeView.swift; sourceTree = "<group>"; };
		AC2ED92A28AD8A8D007981C3 /* Assets.xcassets */ = {isa = PBXFileReference; lastKnownFileType = folder.assetcatalog; path = Assets.xcassets; sourceTree = "<group>"; };
		AC2ED92D28AD8A8D007981C3 /* Preview Assets.xcassets */ = {isa = PBXFileReference; lastKnownFileType = folder.assetcatalog; path = "Preview Assets.xcassets"; sourceTree = "<group>"; };
		AC2ED94C28AE2156007981C3 /* HoroscopeView.swift */ = {isa = PBXFileReference; lastKnownFileType = sourcecode.swift; path = HoroscopeView.swift; sourceTree = "<group>"; };
		AC2ED94E28AE2163007981C3 /* TarotCardView.swift */ = {isa = PBXFileReference; lastKnownFileType = sourcecode.swift; path = TarotCardView.swift; sourceTree = "<group>"; };
		AC3366FD28E0DAA80085D52F /* TarotCardDetailViewModelTests.swift */ = {isa = PBXFileReference; lastKnownFileType = sourcecode.swift; path = TarotCardDetailViewModelTests.swift; sourceTree = "<group>"; };
		AC33670028E196DA0085D52F /* TarotCardViewModelTests.swift */ = {isa = PBXFileReference; lastKnownFileType = sourcecode.swift; path = TarotCardViewModelTests.swift; sourceTree = "<group>"; };
		AC33670328E1A16E0085D52F /* LoginViewModelTests.swift */ = {isa = PBXFileReference; lastKnownFileType = sourcecode.swift; path = LoginViewModelTests.swift; sourceTree = "<group>"; };
		AC33670528E1ABCE0085D52F /* TarotCardFrontViewModelTests.swift */ = {isa = PBXFileReference; lastKnownFileType = sourcecode.swift; path = TarotCardFrontViewModelTests.swift; sourceTree = "<group>"; };
		AC33670B28E1AD800085D52F /* OnboardCardViewToday.swift */ = {isa = PBXFileReference; lastKnownFileType = sourcecode.swift; path = OnboardCardViewToday.swift; sourceTree = "<group>"; };
		AC33670D28E1ADA10085D52F /* OnboardCardViewYesterday.swift */ = {isa = PBXFileReference; lastKnownFileType = sourcecode.swift; path = OnboardCardViewYesterday.swift; sourceTree = "<group>"; };
		AC33671528E2304C0085D52F /* StubHoroscopeService.swift */ = {isa = PBXFileReference; lastKnownFileType = sourcecode.swift; path = StubHoroscopeService.swift; sourceTree = "<group>"; };
		AC33671A28E23AAA0085D52F /* ProfilViewModelTests.swift */ = {isa = PBXFileReference; lastKnownFileType = sourcecode.swift; path = ProfilViewModelTests.swift; sourceTree = "<group>"; };
		AC3622DC28D206B800D82620 /* WelcomeViewModel.swift */ = {isa = PBXFileReference; lastKnownFileType = sourcecode.swift; path = WelcomeViewModel.swift; sourceTree = "<group>"; };
		AC5DEAB028D0AC4400A41259 /* CardFrontViewModel.swift */ = {isa = PBXFileReference; lastKnownFileType = sourcecode.swift; path = CardFrontViewModel.swift; sourceTree = "<group>"; };
		AC6BF58B28CB801B007BF723 /* AsterCore.framework */ = {isa = PBXFileReference; explicitFileType = wrapper.framework; path = AsterCore.framework; sourceTree = BUILT_PRODUCTS_DIR; };
		AC89750228E454B90049C4D4 /* OnboardCardViewModelToday.swift */ = {isa = PBXFileReference; lastKnownFileType = sourcecode.swift; path = OnboardCardViewModelToday.swift; sourceTree = "<group>"; };
		AC89750428E454E00049C4D4 /* OnboardCardModelViewYesterday.swift */ = {isa = PBXFileReference; lastKnownFileType = sourcecode.swift; path = OnboardCardModelViewYesterday.swift; sourceTree = "<group>"; };
		AC89750628E455100049C4D4 /* OnboardCardViewModelTodayTests.swift */ = {isa = PBXFileReference; lastKnownFileType = sourcecode.swift; path = OnboardCardViewModelTodayTests.swift; sourceTree = "<group>"; };
		AC89750828E46F840049C4D4 /* OnboardCardViewModelYesterdayTests.swift */ = {isa = PBXFileReference; lastKnownFileType = sourcecode.swift; path = OnboardCardViewModelYesterdayTests.swift; sourceTree = "<group>"; };
		ACBE539828B7672200DFC604 /* LoginView.swift */ = {isa = PBXFileReference; lastKnownFileType = sourcecode.swift; path = LoginView.swift; sourceTree = "<group>"; };
		ACBE53AF28BEAD7600DFC604 /* LoginViewModel.swift */ = {isa = PBXFileReference; lastKnownFileType = sourcecode.swift; path = LoginViewModel.swift; sourceTree = "<group>"; };
		ACBE53D428BFAA5100DFC604 /* ProfilViewModel.swift */ = {isa = PBXFileReference; lastKnownFileType = sourcecode.swift; path = ProfilViewModel.swift; sourceTree = "<group>"; };
		ACC6AB7128B6706500096209 /* ProfilView.swift */ = {isa = PBXFileReference; lastKnownFileType = sourcecode.swift; path = ProfilView.swift; sourceTree = "<group>"; };
		ACE3603428AEE445002E5897 /* CardFront.swift */ = {isa = PBXFileReference; lastKnownFileType = sourcecode.swift; path = CardFront.swift; sourceTree = "<group>"; };
		ACE3603628AEE466002E5897 /* CardBack.swift */ = {isa = PBXFileReference; lastKnownFileType = sourcecode.swift; path = CardBack.swift; sourceTree = "<group>"; };
		ACE3603828B029C9002E5897 /* HomeViewModel.swift */ = {isa = PBXFileReference; lastKnownFileType = sourcecode.swift; path = HomeViewModel.swift; sourceTree = "<group>"; };
		ACE3603A28B02AE2002E5897 /* HoroscopeViewModel.swift */ = {isa = PBXFileReference; lastKnownFileType = sourcecode.swift; path = HoroscopeViewModel.swift; sourceTree = "<group>"; };
		ACE3603C28B02C48002E5897 /* TarotCardViewModel.swift */ = {isa = PBXFileReference; lastKnownFileType = sourcecode.swift; path = TarotCardViewModel.swift; sourceTree = "<group>"; };
		ACE77D2F28D900E700E08F2B /* BirthdayLoginView.swift */ = {isa = PBXFileReference; lastKnownFileType = sourcecode.swift; path = BirthdayLoginView.swift; sourceTree = "<group>"; };
		ACE77D3328D906A800E08F2B /* LabelLoginView.swift */ = {isa = PBXFileReference; lastKnownFileType = sourcecode.swift; path = LabelLoginView.swift; sourceTree = "<group>"; };
		ACE77D3928D9DB9500E08F2B /* SavedCardView.swift */ = {isa = PBXFileReference; lastKnownFileType = sourcecode.swift; path = SavedCardView.swift; sourceTree = "<group>"; };
		ACE77D3F28DDEF2C00E08F2B /* AsterTests.xctest */ = {isa = PBXFileReference; explicitFileType = wrapper.cfbundle; includeInIndex = 0; path = AsterTests.xctest; sourceTree = BUILT_PRODUCTS_DIR; };
		ACE77D4A28DDF0F800E08F2B /* WelcomeViewModelTests.swift */ = {isa = PBXFileReference; lastKnownFileType = sourcecode.swift; path = WelcomeViewModelTests.swift; sourceTree = "<group>"; };
		ACF5CA1928CF1FAF0011CE3B /* WelcomeView.swift */ = {isa = PBXFileReference; lastKnownFileType = sourcecode.swift; path = WelcomeView.swift; sourceTree = "<group>"; };
/* End PBXFileReference section */

/* Begin PBXFrameworksBuildPhase section */
		AC2ED92028AD8A8B007981C3 /* Frameworks */ = {
			isa = PBXFrameworksBuildPhase;
			buildActionMask = 2147483647;
			files = (
				AEE0807E1BF42795405CA705 /* Pods_Aster.framework in Frameworks */,
				AC6BF58C28CB801B007BF723 /* AsterCore.framework in Frameworks */,
			);
			runOnlyForDeploymentPostprocessing = 0;
		};
		ACE77D3C28DDEF2C00E08F2B /* Frameworks */ = {
			isa = PBXFrameworksBuildPhase;
			buildActionMask = 2147483647;
			files = (
			);
			runOnlyForDeploymentPostprocessing = 0;
		};
/* End PBXFrameworksBuildPhase section */

/* Begin PBXGroup section */
		16D84ECE10322E31E90F0589 /* Frameworks */ = {
			isa = PBXGroup;
			children = (
				AC6BF58B28CB801B007BF723 /* AsterCore.framework */,
				0D65EC6174C97B474420CEBE /* Pods_Aster.framework */,
			);
			name = Frameworks;
			sourceTree = "<group>";
		};
		A55EC04FD2F312DEF318B86E /* Pods */ = {
			isa = PBXGroup;
			children = (
				0F766391A117970693273E81 /* Pods-Aster.debug.xcconfig */,
				88F6C7243320F55EEF9690EB /* Pods-Aster.release.xcconfig */,
			);
			path = Pods;
			sourceTree = "<group>";
		};
		AC2827B628C736D9006703D4 /* TarotCardDetail */ = {
			isa = PBXGroup;
			children = (
				AC2827B428C73300006703D4 /* TarotCardDetailView.swift */,
				AC2827B728C736F8006703D4 /* TarotCardDetailViewModel.swift */,
			);
			path = TarotCardDetail;
			sourceTree = "<group>";
		};
		AC2ED91A28AD8A8B007981C3 = {
			isa = PBXGroup;
			children = (
				ACE77D4028DDEF2D00E08F2B /* AsterTests */,
				16D84ECE10322E31E90F0589 /* Frameworks */,
				A55EC04FD2F312DEF318B86E /* Pods */,
				AC2ED92428AD8A8B007981C3 /* Products */,
				AC2ED93828AD8C15007981C3 /* Ressources */,
				AC2ED92528AD8A8B007981C3 /* Sources */,
			);
			sourceTree = "<group>";
		};
		AC2ED92428AD8A8B007981C3 /* Products */ = {
			isa = PBXGroup;
			children = (
				AC2ED92328AD8A8B007981C3 /* Aster.app */,
				ACE77D3F28DDEF2C00E08F2B /* AsterTests.xctest */,
			);
			name = Products;
			sourceTree = "<group>";
		};
		AC2ED92528AD8A8B007981C3 /* Sources */ = {
			isa = PBXGroup;
			children = (
				AC2ED92628AD8A8B007981C3 /* AsterApp.swift */,
				AC2ED92C28AD8A8D007981C3 /* Preview Content */,
				AC2ED93528AD8BF5007981C3 /* Scenes */,
			);
			path = Sources;
			sourceTree = "<group>";
		};
		AC2ED92C28AD8A8D007981C3 /* Preview Content */ = {
			isa = PBXGroup;
			children = (
				AC2ED92D28AD8A8D007981C3 /* Preview Assets.xcassets */,
			);
			path = "Preview Content";
			sourceTree = "<group>";
		};
		AC2ED93528AD8BF5007981C3 /* Scenes */ = {
			isa = PBXGroup;
			children = (
				ACE3603E28B3714F002E5897 /* Home */,
				ACE3603F28B3715A002E5897 /* Horoscope */,
				ACBE539728B7671700DFC604 /* Login */,
				ACC6AB7028B6705700096209 /* Profil */,
				ACE3604028B37167002E5897 /* Tarot */,
				AC2827B628C736D9006703D4 /* TarotCardDetail */,
				ACF5CA1828CF1F990011CE3B /* Welcome */,
			);
			path = Scenes;
			sourceTree = "<group>";
		};
		AC2ED93828AD8C15007981C3 /* Ressources */ = {
			isa = PBXGroup;
			children = (
				AC2ED92A28AD8A8D007981C3 /* Assets.xcassets */,
			);
			path = Ressources;
			sourceTree = "<group>";
		};
		AC3366FC28E0DA860085D52F /* TarotCardDetail */ = {
			isa = PBXGroup;
			children = (
				AC3366FD28E0DAA80085D52F /* TarotCardDetailViewModelTests.swift */,
			);
			path = TarotCardDetail;
			sourceTree = "<group>";
		};
		AC3366FF28E196C90085D52F /* Tarot */ = {
			isa = PBXGroup;
			children = (
				AC33670028E196DA0085D52F /* TarotCardViewModelTests.swift */,
				AC33670528E1ABCE0085D52F /* TarotCardFrontViewModelTests.swift */,
			);
			path = Tarot;
			sourceTree = "<group>";
		};
		AC33670228E1A15C0085D52F /* Login */ = {
			isa = PBXGroup;
			children = (
				AC33670328E1A16E0085D52F /* LoginViewModelTests.swift */,
			);
			path = Login;
			sourceTree = "<group>";
		};
		AC33670728E1AC820085D52F /* Horoscope */ = {
			isa = PBXGroup;
			children = (
				AC33671528E2304C0085D52F /* StubHoroscopeService.swift */,
				AC89750628E455100049C4D4 /* OnboardCardViewModelTodayTests.swift */,
				AC89750828E46F840049C4D4 /* OnboardCardViewModelYesterdayTests.swift */,
			);
			path = Horoscope;
			sourceTree = "<group>";
		};
		AC33670A28E1AD570085D52F /* Horoscope Sub View */ = {
			isa = PBXGroup;
			children = (
				AC33670B28E1AD800085D52F /* OnboardCardViewToday.swift */,
				AC89750228E454B90049C4D4 /* OnboardCardViewModelToday.swift */,
				AC33670D28E1ADA10085D52F /* OnboardCardViewYesterday.swift */,
				AC89750428E454E00049C4D4 /* OnboardCardModelViewYesterday.swift */,
			);
			path = "Horoscope Sub View";
			sourceTree = "<group>";
		};
		AC33671928E23A9B0085D52F /* Profil */ = {
			isa = PBXGroup;
			children = (
				AC33671A28E23AAA0085D52F /* ProfilViewModelTests.swift */,
			);
			path = Profil;
			sourceTree = "<group>";
		};
		ACBE539728B7671700DFC604 /* Login */ = {
			isa = PBXGroup;
			children = (
				ACE77D2C28D9009000E08F2B /* Sub Login View */,
				ACBE539828B7672200DFC604 /* LoginView.swift */,
				ACBE53AF28BEAD7600DFC604 /* LoginViewModel.swift */,
			);
			path = Login;
			sourceTree = "<group>";
		};
		ACC6AB7028B6705700096209 /* Profil */ = {
			isa = PBXGroup;
			children = (
				ACE77D3828D9DB7200E08F2B /* Sub Profil View */,
				ACC6AB7128B6706500096209 /* ProfilView.swift */,
				ACBE53D428BFAA5100DFC604 /* ProfilViewModel.swift */,
			);
			path = Profil;
			sourceTree = "<group>";
		};
		ACE3603328AEE429002E5897 /* TarotCard */ = {
			isa = PBXGroup;
			children = (
				ACE3603628AEE466002E5897 /* CardBack.swift */,
				ACE3603428AEE445002E5897 /* CardFront.swift */,
				AC5DEAB028D0AC4400A41259 /* CardFrontViewModel.swift */,
			);
			path = TarotCard;
			sourceTree = "<group>";
		};
		ACE3603E28B3714F002E5897 /* Home */ = {
			isa = PBXGroup;
			children = (
				AC2ED92828AD8A8B007981C3 /* HomeView.swift */,
				ACE3603828B029C9002E5897 /* HomeViewModel.swift */,
			);
			path = Home;
			sourceTree = "<group>";
		};
		ACE3603F28B3715A002E5897 /* Horoscope */ = {
			isa = PBXGroup;
			children = (
				AC33670A28E1AD570085D52F /* Horoscope Sub View */,
				AC2ED94C28AE2156007981C3 /* HoroscopeView.swift */,
				ACE3603A28B02AE2002E5897 /* HoroscopeViewModel.swift */,
			);
			path = Horoscope;
			sourceTree = "<group>";
		};
		ACE3604028B37167002E5897 /* Tarot */ = {
			isa = PBXGroup;
			children = (
				ACE3603328AEE429002E5897 /* TarotCard */,
				AC2ED94E28AE2163007981C3 /* TarotCardView.swift */,
				ACE3603C28B02C48002E5897 /* TarotCardViewModel.swift */,
			);
			path = Tarot;
			sourceTree = "<group>";
		};
		ACE77D2C28D9009000E08F2B /* Sub Login View */ = {
			isa = PBXGroup;
			children = (
				ACE77D2F28D900E700E08F2B /* BirthdayLoginView.swift */,
				ACE77D3328D906A800E08F2B /* LabelLoginView.swift */,
			);
			path = "Sub Login View";
			sourceTree = "<group>";
		};
		ACE77D3828D9DB7200E08F2B /* Sub Profil View */ = {
			isa = PBXGroup;
			children = (
				ACE77D3928D9DB9500E08F2B /* SavedCardView.swift */,
			);
			path = "Sub Profil View";
			sourceTree = "<group>";
		};
		ACE77D4028DDEF2D00E08F2B /* AsterTests */ = {
			isa = PBXGroup;
			children = (
				ACE77D4828DDEF3B00E08F2B /* Scenes */,
			);
			path = AsterTests;
			sourceTree = "<group>";
		};
		ACE77D4828DDEF3B00E08F2B /* Scenes */ = {
			isa = PBXGroup;
			children = (
				AC33671928E23A9B0085D52F /* Profil */,
				AC33670728E1AC820085D52F /* Horoscope */,
				AC33670228E1A15C0085D52F /* Login */,
				AC3366FF28E196C90085D52F /* Tarot */,
				AC3366FC28E0DA860085D52F /* TarotCardDetail */,
				ACE77D4928DDEF4300E08F2B /* Welcome */,
			);
			path = Scenes;
			sourceTree = "<group>";
		};
		ACE77D4928DDEF4300E08F2B /* Welcome */ = {
			isa = PBXGroup;
			children = (
				ACE77D4A28DDF0F800E08F2B /* WelcomeViewModelTests.swift */,
			);
			path = Welcome;
			sourceTree = "<group>";
		};
		ACF5CA1828CF1F990011CE3B /* Welcome */ = {
			isa = PBXGroup;
			children = (
				ACF5CA1928CF1FAF0011CE3B /* WelcomeView.swift */,
				AC3622DC28D206B800D82620 /* WelcomeViewModel.swift */,
			);
			path = Welcome;
			sourceTree = "<group>";
		};
/* End PBXGroup section */

/* Begin PBXNativeTarget section */
		AC2ED92228AD8A8B007981C3 /* Aster */ = {
			isa = PBXNativeTarget;
			buildConfigurationList = AC2ED93128AD8A8D007981C3 /* Build configuration list for PBXNativeTarget "Aster" */;
			buildPhases = (
				258147EF4FA6A5025CB49458 /* [CP] Check Pods Manifest.lock */,
				AC2827B928C76DB4006703D4 /* Run SwiftLint */,
				AC2ED91F28AD8A8B007981C3 /* Sources */,
				AC2ED92028AD8A8B007981C3 /* Frameworks */,
				AC2ED92128AD8A8B007981C3 /* Resources */,
				AC6BF58E28CB801B007BF723 /* Embed Frameworks */,
			);
			buildRules = (
			);
			dependencies = (
			);
			name = Aster;
			productName = Aster;
			productReference = AC2ED92328AD8A8B007981C3 /* Aster.app */;
			productType = "com.apple.product-type.application";
		};
		ACE77D3E28DDEF2C00E08F2B /* AsterTests */ = {
			isa = PBXNativeTarget;
			buildConfigurationList = ACE77D4728DDEF2D00E08F2B /* Build configuration list for PBXNativeTarget "AsterTests" */;
			buildPhases = (
				ACE77D3B28DDEF2C00E08F2B /* Sources */,
				ACE77D3C28DDEF2C00E08F2B /* Frameworks */,
				ACE77D3D28DDEF2C00E08F2B /* Resources */,
			);
			buildRules = (
			);
			dependencies = (
				ACE77D4428DDEF2D00E08F2B /* PBXTargetDependency */,
			);
			name = AsterTests;
			productName = AsterTests;
			productReference = ACE77D3F28DDEF2C00E08F2B /* AsterTests.xctest */;
			productType = "com.apple.product-type.bundle.unit-test";
		};
/* End PBXNativeTarget section */

/* Begin PBXProject section */
		AC2ED91B28AD8A8B007981C3 /* Project object */ = {
			isa = PBXProject;
			attributes = {
				BuildIndependentTargetsInParallel = 1;
				LastSwiftUpdateCheck = 1400;
				LastUpgradeCheck = 1340;
				TargetAttributes = {
					AC2ED92228AD8A8B007981C3 = {
						CreatedOnToolsVersion = 13.4.1;
					};
					ACE77D3E28DDEF2C00E08F2B = {
						CreatedOnToolsVersion = 14.0;
						LastSwiftMigration = 1400;
						TestTargetID = AC2ED92228AD8A8B007981C3;
					};
				};
			};
			buildConfigurationList = AC2ED91E28AD8A8B007981C3 /* Build configuration list for PBXProject "Aster" */;
			compatibilityVersion = "Xcode 13.0";
			developmentRegion = en;
			hasScannedForEncodings = 0;
			knownRegions = (
				en,
				Base,
			);
			mainGroup = AC2ED91A28AD8A8B007981C3;
			productRefGroup = AC2ED92428AD8A8B007981C3 /* Products */;
			projectDirPath = "";
			projectRoot = "";
			targets = (
				AC2ED92228AD8A8B007981C3 /* Aster */,
				ACE77D3E28DDEF2C00E08F2B /* AsterTests */,
			);
		};
/* End PBXProject section */

/* Begin PBXResourcesBuildPhase section */
		AC2ED92128AD8A8B007981C3 /* Resources */ = {
			isa = PBXResourcesBuildPhase;
			buildActionMask = 2147483647;
			files = (
				AC2ED92E28AD8A8D007981C3 /* Preview Assets.xcassets in Resources */,
				AC2ED92B28AD8A8D007981C3 /* Assets.xcassets in Resources */,
			);
			runOnlyForDeploymentPostprocessing = 0;
		};
		ACE77D3D28DDEF2C00E08F2B /* Resources */ = {
			isa = PBXResourcesBuildPhase;
			buildActionMask = 2147483647;
			files = (
			);
			runOnlyForDeploymentPostprocessing = 0;
		};
/* End PBXResourcesBuildPhase section */

/* Begin PBXShellScriptBuildPhase section */
		258147EF4FA6A5025CB49458 /* [CP] Check Pods Manifest.lock */ = {
			isa = PBXShellScriptBuildPhase;
			buildActionMask = 2147483647;
			files = (
			);
			inputFileListPaths = (
			);
			inputPaths = (
				"${PODS_PODFILE_DIR_PATH}/Podfile.lock",
				"${PODS_ROOT}/Manifest.lock",
			);
			name = "[CP] Check Pods Manifest.lock";
			outputFileListPaths = (
			);
			outputPaths = (
				"$(DERIVED_FILE_DIR)/Pods-Aster-checkManifestLockResult.txt",
			);
			runOnlyForDeploymentPostprocessing = 0;
			shellPath = /bin/sh;
			shellScript = "diff \"${PODS_PODFILE_DIR_PATH}/Podfile.lock\" \"${PODS_ROOT}/Manifest.lock\" > /dev/null\nif [ $? != 0 ] ; then\n    # print error to STDERR\n    echo \"error: The sandbox is not in sync with the Podfile.lock. Run 'pod install' or update your CocoaPods installation.\" >&2\n    exit 1\nfi\n# This output is used by Xcode 'outputs' to avoid re-running this script phase.\necho \"SUCCESS\" > \"${SCRIPT_OUTPUT_FILE_0}\"\n";
			showEnvVarsInLog = 0;
		};
		AC2827B928C76DB4006703D4 /* Run SwiftLint */ = {
			isa = PBXShellScriptBuildPhase;
			alwaysOutOfDate = 1;
			buildActionMask = 2147483647;
			files = (
			);
			inputFileListPaths = (
			);
			inputPaths = (
			);
			name = "Run SwiftLint";
			outputFileListPaths = (
			);
			outputPaths = (
			);
			runOnlyForDeploymentPostprocessing = 0;
			shellPath = /bin/sh;
			shellScript = "\"${PODS_ROOT}/SwiftLint/swiftlint\"\n";
		};
/* End PBXShellScriptBuildPhase section */

/* Begin PBXSourcesBuildPhase section */
		AC2ED91F28AD8A8B007981C3 /* Sources */ = {
			isa = PBXSourcesBuildPhase;
			buildActionMask = 2147483647;
			files = (
				ACE3603728AEE466002E5897 /* CardBack.swift in Sources */,
				AC3622DD28D206B800D82620 /* WelcomeViewModel.swift in Sources */,
				ACE3603928B029C9002E5897 /* HomeViewModel.swift in Sources */,
				ACC6AB7228B6706500096209 /* ProfilView.swift in Sources */,
				AC33670C28E1AD800085D52F /* OnboardCardViewToday.swift in Sources */,
				ACE77D3A28D9DB9500E08F2B /* SavedCardView.swift in Sources */,
				AC89750328E454B90049C4D4 /* OnboardCardViewModelToday.swift in Sources */,
				AC89750528E454E00049C4D4 /* OnboardCardModelViewYesterday.swift in Sources */,
				ACF5CA1A28CF1FAF0011CE3B /* WelcomeView.swift in Sources */,
				AC2827B528C73300006703D4 /* TarotCardDetailView.swift in Sources */,
				ACBE53B028BEAD7600DFC604 /* LoginViewModel.swift in Sources */,
				AC33670E28E1ADA10085D52F /* OnboardCardViewYesterday.swift in Sources */,
				ACE77D3428D906A800E08F2B /* LabelLoginView.swift in Sources */,
				ACE3603528AEE445002E5897 /* CardFront.swift in Sources */,
				ACE77D3028D900E700E08F2B /* BirthdayLoginView.swift in Sources */,
				AC2ED94D28AE2156007981C3 /* HoroscopeView.swift in Sources */,
				ACE3603D28B02C48002E5897 /* TarotCardViewModel.swift in Sources */,
				AC2ED92928AD8A8B007981C3 /* HomeView.swift in Sources */,
				ACBE539928B7672200DFC604 /* LoginView.swift in Sources */,
				AC5DEAB128D0AC4400A41259 /* CardFrontViewModel.swift in Sources */,
				AC2ED94F28AE2163007981C3 /* TarotCardView.swift in Sources */,
				ACE3603B28B02AE2002E5897 /* HoroscopeViewModel.swift in Sources */,
				ACBE53D528BFAA5100DFC604 /* ProfilViewModel.swift in Sources */,
				AC2827B828C736F8006703D4 /* TarotCardDetailViewModel.swift in Sources */,
				AC2ED92728AD8A8B007981C3 /* AsterApp.swift in Sources */,
			);
			runOnlyForDeploymentPostprocessing = 0;
		};
		ACE77D3B28DDEF2C00E08F2B /* Sources */ = {
			isa = PBXSourcesBuildPhase;
			buildActionMask = 2147483647;
			files = (
				AC33671B28E23AAA0085D52F /* ProfilViewModelTests.swift in Sources */,
				AC33670428E1A16E0085D52F /* LoginViewModelTests.swift in Sources */,
				AC33670628E1ABCE0085D52F /* TarotCardFrontViewModelTests.swift in Sources */,
				AC3366FE28E0DAA80085D52F /* TarotCardDetailViewModelTests.swift in Sources */,
				AC33670128E196DA0085D52F /* TarotCardViewModelTests.swift in Sources */,
				AC89750728E455100049C4D4 /* OnboardCardViewModelTodayTests.swift in Sources */,
				ACE77D4B28DDF0F800E08F2B /* WelcomeViewModelTests.swift in Sources */,
				AC89750928E46F840049C4D4 /* OnboardCardViewModelYesterdayTests.swift in Sources */,
				AC33671628E2304C0085D52F /* StubHoroscopeService.swift in Sources */,
			);
			runOnlyForDeploymentPostprocessing = 0;
		};
/* End PBXSourcesBuildPhase section */

/* Begin PBXTargetDependency section */
		ACE77D4428DDEF2D00E08F2B /* PBXTargetDependency */ = {
			isa = PBXTargetDependency;
			target = AC2ED92228AD8A8B007981C3 /* Aster */;
			targetProxy = ACE77D4328DDEF2D00E08F2B /* PBXContainerItemProxy */;
		};
/* End PBXTargetDependency section */

/* Begin XCBuildConfiguration section */
		AC2ED92F28AD8A8D007981C3 /* Debug */ = {
			isa = XCBuildConfiguration;
			buildSettings = {
				ALWAYS_SEARCH_USER_PATHS = NO;
				CLANG_ANALYZER_NONNULL = YES;
				CLANG_ANALYZER_NUMBER_OBJECT_CONVERSION = YES_AGGRESSIVE;
				CLANG_CXX_LANGUAGE_STANDARD = "gnu++17";
				CLANG_ENABLE_MODULES = YES;
				CLANG_ENABLE_OBJC_ARC = YES;
				CLANG_ENABLE_OBJC_WEAK = YES;
				CLANG_WARN_BLOCK_CAPTURE_AUTORELEASING = YES;
				CLANG_WARN_BOOL_CONVERSION = YES;
				CLANG_WARN_COMMA = YES;
				CLANG_WARN_CONSTANT_CONVERSION = YES;
				CLANG_WARN_DEPRECATED_OBJC_IMPLEMENTATIONS = YES;
				CLANG_WARN_DIRECT_OBJC_ISA_USAGE = YES_ERROR;
				CLANG_WARN_DOCUMENTATION_COMMENTS = YES;
				CLANG_WARN_EMPTY_BODY = YES;
				CLANG_WARN_ENUM_CONVERSION = YES;
				CLANG_WARN_INFINITE_RECURSION = YES;
				CLANG_WARN_INT_CONVERSION = YES;
				CLANG_WARN_NON_LITERAL_NULL_CONVERSION = YES;
				CLANG_WARN_OBJC_IMPLICIT_RETAIN_SELF = YES;
				CLANG_WARN_OBJC_LITERAL_CONVERSION = YES;
				CLANG_WARN_OBJC_ROOT_CLASS = YES_ERROR;
				CLANG_WARN_QUOTED_INCLUDE_IN_FRAMEWORK_HEADER = YES;
				CLANG_WARN_RANGE_LOOP_ANALYSIS = YES;
				CLANG_WARN_STRICT_PROTOTYPES = YES;
				CLANG_WARN_SUSPICIOUS_MOVE = YES;
				CLANG_WARN_UNGUARDED_AVAILABILITY = YES_AGGRESSIVE;
				CLANG_WARN_UNREACHABLE_CODE = YES;
				CLANG_WARN__DUPLICATE_METHOD_MATCH = YES;
				COPY_PHASE_STRIP = NO;
				DEBUG_INFORMATION_FORMAT = dwarf;
				ENABLE_STRICT_OBJC_MSGSEND = YES;
				ENABLE_TESTABILITY = YES;
				GCC_C_LANGUAGE_STANDARD = gnu11;
				GCC_DYNAMIC_NO_PIC = NO;
				GCC_NO_COMMON_BLOCKS = YES;
				GCC_OPTIMIZATION_LEVEL = 0;
				GCC_PREPROCESSOR_DEFINITIONS = (
					"DEBUG=1",
					"$(inherited)",
				);
				GCC_WARN_64_TO_32_BIT_CONVERSION = YES;
				GCC_WARN_ABOUT_RETURN_TYPE = YES_ERROR;
				GCC_WARN_UNDECLARED_SELECTOR = YES;
				GCC_WARN_UNINITIALIZED_AUTOS = YES_AGGRESSIVE;
				GCC_WARN_UNUSED_FUNCTION = YES;
				GCC_WARN_UNUSED_VARIABLE = YES;
				IPHONEOS_DEPLOYMENT_TARGET = 14.0;
				MTL_ENABLE_DEBUG_INFO = INCLUDE_SOURCE;
				MTL_FAST_MATH = YES;
				ONLY_ACTIVE_ARCH = YES;
				SDKROOT = iphoneos;
				SWIFT_ACTIVE_COMPILATION_CONDITIONS = DEBUG;
				SWIFT_OPTIMIZATION_LEVEL = "-Onone";
			};
			name = Debug;
		};
		AC2ED93028AD8A8D007981C3 /* Release */ = {
			isa = XCBuildConfiguration;
			buildSettings = {
				ALWAYS_SEARCH_USER_PATHS = NO;
				CLANG_ANALYZER_NONNULL = YES;
				CLANG_ANALYZER_NUMBER_OBJECT_CONVERSION = YES_AGGRESSIVE;
				CLANG_CXX_LANGUAGE_STANDARD = "gnu++17";
				CLANG_ENABLE_MODULES = YES;
				CLANG_ENABLE_OBJC_ARC = YES;
				CLANG_ENABLE_OBJC_WEAK = YES;
				CLANG_WARN_BLOCK_CAPTURE_AUTORELEASING = YES;
				CLANG_WARN_BOOL_CONVERSION = YES;
				CLANG_WARN_COMMA = YES;
				CLANG_WARN_CONSTANT_CONVERSION = YES;
				CLANG_WARN_DEPRECATED_OBJC_IMPLEMENTATIONS = YES;
				CLANG_WARN_DIRECT_OBJC_ISA_USAGE = YES_ERROR;
				CLANG_WARN_DOCUMENTATION_COMMENTS = YES;
				CLANG_WARN_EMPTY_BODY = YES;
				CLANG_WARN_ENUM_CONVERSION = YES;
				CLANG_WARN_INFINITE_RECURSION = YES;
				CLANG_WARN_INT_CONVERSION = YES;
				CLANG_WARN_NON_LITERAL_NULL_CONVERSION = YES;
				CLANG_WARN_OBJC_IMPLICIT_RETAIN_SELF = YES;
				CLANG_WARN_OBJC_LITERAL_CONVERSION = YES;
				CLANG_WARN_OBJC_ROOT_CLASS = YES_ERROR;
				CLANG_WARN_QUOTED_INCLUDE_IN_FRAMEWORK_HEADER = YES;
				CLANG_WARN_RANGE_LOOP_ANALYSIS = YES;
				CLANG_WARN_STRICT_PROTOTYPES = YES;
				CLANG_WARN_SUSPICIOUS_MOVE = YES;
				CLANG_WARN_UNGUARDED_AVAILABILITY = YES_AGGRESSIVE;
				CLANG_WARN_UNREACHABLE_CODE = YES;
				CLANG_WARN__DUPLICATE_METHOD_MATCH = YES;
				COPY_PHASE_STRIP = NO;
				DEBUG_INFORMATION_FORMAT = "dwarf-with-dsym";
				ENABLE_NS_ASSERTIONS = NO;
				ENABLE_STRICT_OBJC_MSGSEND = YES;
				GCC_C_LANGUAGE_STANDARD = gnu11;
				GCC_NO_COMMON_BLOCKS = YES;
				GCC_WARN_64_TO_32_BIT_CONVERSION = YES;
				GCC_WARN_ABOUT_RETURN_TYPE = YES_ERROR;
				GCC_WARN_UNDECLARED_SELECTOR = YES;
				GCC_WARN_UNINITIALIZED_AUTOS = YES_AGGRESSIVE;
				GCC_WARN_UNUSED_FUNCTION = YES;
				GCC_WARN_UNUSED_VARIABLE = YES;
				IPHONEOS_DEPLOYMENT_TARGET = 14.0;
				MTL_ENABLE_DEBUG_INFO = NO;
				MTL_FAST_MATH = YES;
				SDKROOT = iphoneos;
				SWIFT_COMPILATION_MODE = wholemodule;
				SWIFT_OPTIMIZATION_LEVEL = "-O";
				VALIDATE_PRODUCT = YES;
			};
			name = Release;
		};
		AC2ED93228AD8A8D007981C3 /* Debug */ = {
			isa = XCBuildConfiguration;
			baseConfigurationReference = 0F766391A117970693273E81 /* Pods-Aster.debug.xcconfig */;
			buildSettings = {
				ASSETCATALOG_COMPILER_APPICON_NAME = AppIcon;
				ASSETCATALOG_COMPILER_GLOBAL_ACCENT_COLOR_NAME = AccentColor;
				CODE_SIGN_STYLE = Automatic;
				CURRENT_PROJECT_VERSION = 1;
				DEVELOPMENT_ASSET_PATHS = "\"Sources/Preview Content\"";
				DEVELOPMENT_TEAM = PUYAVM797H;
				ENABLE_PREVIEWS = YES;
				GENERATE_INFOPLIST_FILE = YES;
				INFOPLIST_KEY_UIApplicationSceneManifest_Generation = YES;
				INFOPLIST_KEY_UIApplicationSupportsIndirectInputEvents = YES;
				INFOPLIST_KEY_UILaunchScreen_Generation = YES;
				INFOPLIST_KEY_UISupportedInterfaceOrientations = UIInterfaceOrientationPortrait;
				INFOPLIST_KEY_UISupportedInterfaceOrientations_iPhone = "UIInterfaceOrientationPortrait UIInterfaceOrientationLandscapeLeft UIInterfaceOrientationLandscapeRight";
				LD_RUNPATH_SEARCH_PATHS = (
					"$(inherited)",
					"@executable_path/Frameworks",
				);
				MARKETING_VERSION = 1.0;
				PRODUCT_BUNDLE_IDENTIFIER = AlexandreBeltzung.Aster;
				PRODUCT_NAME = "$(TARGET_NAME)";
				SWIFT_EMIT_LOC_STRINGS = YES;
				SWIFT_VERSION = 5.0;
				TARGETED_DEVICE_FAMILY = 1;
			};
			name = Debug;
		};
		AC2ED93328AD8A8D007981C3 /* Release */ = {
			isa = XCBuildConfiguration;
			baseConfigurationReference = 88F6C7243320F55EEF9690EB /* Pods-Aster.release.xcconfig */;
			buildSettings = {
				ASSETCATALOG_COMPILER_APPICON_NAME = AppIcon;
				ASSETCATALOG_COMPILER_GLOBAL_ACCENT_COLOR_NAME = AccentColor;
				CODE_SIGN_STYLE = Automatic;
				CURRENT_PROJECT_VERSION = 1;
				DEVELOPMENT_ASSET_PATHS = "\"Sources/Preview Content\"";
				DEVELOPMENT_TEAM = PUYAVM797H;
				ENABLE_PREVIEWS = YES;
				GENERATE_INFOPLIST_FILE = YES;
				INFOPLIST_KEY_UIApplicationSceneManifest_Generation = YES;
				INFOPLIST_KEY_UIApplicationSupportsIndirectInputEvents = YES;
				INFOPLIST_KEY_UILaunchScreen_Generation = YES;
				INFOPLIST_KEY_UISupportedInterfaceOrientations = UIInterfaceOrientationPortrait;
				INFOPLIST_KEY_UISupportedInterfaceOrientations_iPhone = "UIInterfaceOrientationPortrait UIInterfaceOrientationLandscapeLeft UIInterfaceOrientationLandscapeRight";
				LD_RUNPATH_SEARCH_PATHS = (
					"$(inherited)",
					"@executable_path/Frameworks",
				);
				MARKETING_VERSION = 1.0;
				PRODUCT_BUNDLE_IDENTIFIER = AlexandreBeltzung.Aster;
				PRODUCT_NAME = "$(TARGET_NAME)";
				SWIFT_EMIT_LOC_STRINGS = YES;
				SWIFT_VERSION = 5.0;
				TARGETED_DEVICE_FAMILY = 1;
			};
			name = Release;
		};
		ACE77D4528DDEF2D00E08F2B /* Debug */ = {
			isa = XCBuildConfiguration;
			buildSettings = {
				BUNDLE_LOADER = "$(TEST_HOST)";
				CLANG_CXX_LANGUAGE_STANDARD = "gnu++20";
				CLANG_ENABLE_MODULES = YES;
				CODE_SIGN_STYLE = Automatic;
				CURRENT_PROJECT_VERSION = 1;
				DEVELOPMENT_TEAM = PUYAVM797H;
				GENERATE_INFOPLIST_FILE = YES;
				IPHONEOS_DEPLOYMENT_TARGET = 16.0;
				LD_RUNPATH_SEARCH_PATHS = (
					"$(inherited)",
					"@executable_path/Frameworks",
					"@loader_path/Frameworks",
				);
				MARKETING_VERSION = 1.0;
				PRODUCT_BUNDLE_IDENTIFIER = AlexandreBeltzung.AsterTests;
				PRODUCT_NAME = "$(TARGET_NAME)";
				SWIFT_EMIT_LOC_STRINGS = NO;
				SWIFT_OPTIMIZATION_LEVEL = "-Onone";
				SWIFT_VERSION = 5.0;
				TARGETED_DEVICE_FAMILY = "1,2";
				TEST_HOST = "$(BUILT_PRODUCTS_DIR)/Aster.app/$(BUNDLE_EXECUTABLE_FOLDER_PATH)/Aster";
			};
			name = Debug;
		};
		ACE77D4628DDEF2D00E08F2B /* Release */ = {
			isa = XCBuildConfiguration;
			buildSettings = {
				BUNDLE_LOADER = "$(TEST_HOST)";
				CLANG_CXX_LANGUAGE_STANDARD = "gnu++20";
				CLANG_ENABLE_MODULES = YES;
				CODE_SIGN_STYLE = Automatic;
				CURRENT_PROJECT_VERSION = 1;
				DEVELOPMENT_TEAM = PUYAVM797H;
				GENERATE_INFOPLIST_FILE = YES;
				IPHONEOS_DEPLOYMENT_TARGET = 16.0;
				LD_RUNPATH_SEARCH_PATHS = (
					"$(inherited)",
					"@executable_path/Frameworks",
					"@loader_path/Frameworks",
				);
				MARKETING_VERSION = 1.0;
				PRODUCT_BUNDLE_IDENTIFIER = AlexandreBeltzung.AsterTests;
				PRODUCT_NAME = "$(TARGET_NAME)";
				SWIFT_EMIT_LOC_STRINGS = NO;
				SWIFT_VERSION = 5.0;
				TARGETED_DEVICE_FAMILY = "1,2";
				TEST_HOST = "$(BUILT_PRODUCTS_DIR)/Aster.app/$(BUNDLE_EXECUTABLE_FOLDER_PATH)/Aster";
			};
			name = Release;
		};
/* End XCBuildConfiguration section */

/* Begin XCConfigurationList section */
		AC2ED91E28AD8A8B007981C3 /* Build configuration list for PBXProject "Aster" */ = {
			isa = XCConfigurationList;
			buildConfigurations = (
				AC2ED92F28AD8A8D007981C3 /* Debug */,
				AC2ED93028AD8A8D007981C3 /* Release */,
			);
			defaultConfigurationIsVisible = 0;
			defaultConfigurationName = Release;
		};
		AC2ED93128AD8A8D007981C3 /* Build configuration list for PBXNativeTarget "Aster" */ = {
			isa = XCConfigurationList;
			buildConfigurations = (
				AC2ED93228AD8A8D007981C3 /* Debug */,
				AC2ED93328AD8A8D007981C3 /* Release */,
			);
			defaultConfigurationIsVisible = 0;
			defaultConfigurationName = Release;
		};
		ACE77D4728DDEF2D00E08F2B /* Build configuration list for PBXNativeTarget "AsterTests" */ = {
			isa = XCConfigurationList;
			buildConfigurations = (
				ACE77D4528DDEF2D00E08F2B /* Debug */,
				ACE77D4628DDEF2D00E08F2B /* Release */,
			);
			defaultConfigurationIsVisible = 0;
			defaultConfigurationName = Release;
		};
/* End XCConfigurationList section */
	};
	rootObject = AC2ED91B28AD8A8B007981C3 /* Project object */;
}
